STORAGE: NONE
NUGET
  remote: https://api.nuget.org/v3/index.json
    Microsoft.Bcl.Cryptography (9.0.4) - restriction: || (&& (>= net462) (>= net8.0)) (&& (>= net8.0) (< net9.0))
      System.Formats.Asn1 (>= 9.0.4) - restriction: || (>= net462) (&& (>= net8.0) (< net9.0)) (&& (< net8.0) (>= netstandard2.0))
    Microsoft.Extensions.ObjectPool (9.0.4) - restriction: >= net8.0
    Microsoft.NETCore.Platforms (7.0.4) - restriction: || (&& (>= netcoreapp2.0) (< netcoreapp2.1)) (&& (>= netcoreapp2.1) (< netcoreapp3.0))
    System.Formats.Asn1 (9.0.4) - restriction: || (&& (>= net462) (>= net8.0)) (&& (>= net8.0) (< net9.0))
    System.Security.Cryptography.Pkcs (9.0.4) - restriction: >= net8.0
      Microsoft.Bcl.Cryptography (>= 9.0.4) - restriction: || (>= net462) (&& (>= net8.0) (< net9.0)) (&& (< net8.0) (>= netstandard2.1)) (&& (>= netstandard2.0) (< netstandard2.1))
      System.Formats.Asn1 (>= 9.0.4) - restriction: || (&& (< net462) (>= netstandard2.0) (< netstandard2.1)) (&& (>= net8.0) (< net9.0)) (&& (< net8.0) (>= netstandard2.1))
    System.Security.Cryptography.Xml (9.0.4) - restriction: >= net8.0
      Microsoft.Bcl.Cryptography (>= 9.0.4) - restriction: || (>= net462) (&& (>= net8.0) (< net9.0)) (&& (< net8.0) (>= netstandard2.0))
      System.Security.Cryptography.Pkcs (>= 9.0.4) - restriction: || (&& (< net462) (>= netstandard2.0)) (>= net8.0)
    System.Security.Principal.Windows (5.0) - restriction: && (< net462) (< net8.0) (>= netstandard2.0)
      Microsoft.NETCore.Platforms (>= 5.0) - restriction: || (&& (>= netcoreapp2.0) (< netcoreapp2.1)) (&& (>= netcoreapp2.1) (< netcoreapp3.0))
    System.ServiceModel.Primitives (8.1.2)
      Microsoft.Extensions.ObjectPool (>= 8.0.10) - restriction: >= net8.0
      System.Security.Cryptography.Xml (>= 8.0.2) - restriction: >= net8.0
      System.Security.Principal.Windows (>= 5.0) - restriction: && (< net462) (< net8.0) (>= netstandard2.0)
    System.ServiceModel.Syndication (9.0.4)
